
Microsoft Visual Studio Solution File, Format Version 12.00
# Visual Studio Version 16
VisualStudioVersion = 16.0.31229.75
MinimumVisualStudioVersion = 10.0.40219.1
Project("{9A19103F-16F7-4668-BE54-9A1E7A4F7556}") = "DatabaseScripter", "src\DatabaseScripter\DatabaseScripter.csproj", "{91EEDE4E-FD92-427E-8E6C-9EEE5CBB843D}"
EndProject
Project("{2150E333-8FDC-42A3-9474-1A3956D46DE8}") = "src", "src", "{7DE042B7-BD8B-453C-B47A-484E0DDE3FEC}"
EndProject
Project("{2150E333-8FDC-42A3-9474-1A3956D46DE8}") = "Solution Items", "Solution Items", "{A9660E73-FA95-469C-9C09-42DF1AE9F561}"
	ProjectSection(SolutionItems) = preProject
		.gitignore = .gitignore
		README.md = README.md
	EndProjectSection
EndProject
Global
	GlobalSection(SolutionConfigurationPlatforms) = preSolution
		Debug|Any CPU = Debug|Any CPU
		Release|Any CPU = Release|Any CPU
	EndGlobalSection
	GlobalSection(ProjectConfigurationPlatforms) = postSolution
		{91EEDE4E-FD92-427E-8E6C-9EEE5CBB843D}.Debug|Any CPU.ActiveCfg = Debug|Any CPU
		{91EEDE4E-FD92-427E-8E6C-9EEE5CBB843D}.Debug|Any CPU.Build.0 = Debug|Any CPU
		{91EEDE4E-FD92-427E-8E6C-9EEE5CBB843D}.Release|Any CPU.ActiveCfg = Release|Any CPU
		{91EEDE4E-FD92-427E-8E6C-9EEE5CBB843D}.Release|Any CPU.Build.0 = Release|Any CPU
	EndGlobalSection
	GlobalSection(SolutionProperties) = preSolution
		HideSolutionNode = FALSE
	EndGlobalSection
	GlobalSection(NestedProjects) = preSolution
		{91EEDE4E-FD92-427E-8E6C-9EEE5CBB843D} = {7DE042B7-BD8B-453C-B47A-484E0DDE3FEC}
	EndGlobalSection
	GlobalSection(ExtensibilityGlobals) = postSolution
		SolutionGuid = {1985F27B-1D6B-4C7D-9FBB-CA21FA4E6C9B}
	EndGlobalSection
EndGlobal
